PODS:
  - Capacitor (6.0.0):
    - CapacitorCordova
  - CapacitorApp (6.0.0):
    - Capacitor
  - CapacitorCordova (6.0.0)
  - CapacitorDevice (6.0.0):
    - Capacitor
  - CapacitorHaptics (6.0.0):
    - Capacitor
  - CapacitorLocalNotifications (6.0.0):
    - Capacitor
  - CapacitorNetwork (6.0.0):
    - Capacitor
  - CapacitorPreferences (6.0.0):
    - Capacitor
  - CapacitorScreenOrientation (6.0.0):
    - Capacitor
  - CapacitorVoiceRecorder (5.0.0):
    - Capacitor

DEPENDENCIES:
  - "Capacitor (from `../../node_modules/@capacitor/ios`)"
  - "CapacitorApp (from `../../node_modules/@capacitor/app`)"
  - "CapacitorCordova (from `../../node_modules/@capacitor/ios`)"
  - "CapacitorDevice (from `../../node_modules/@capacitor/device`)"
  - "CapacitorHaptics (from `../../node_modules/@capacitor/haptics`)"
  - "CapacitorLocalNotifications (from `../../node_modules/@capacitor/local-notifications`)"
  - "CapacitorNetwork (from `../../node_modules/@capacitor/network`)"
  - "CapacitorPreferences (from `../../node_modules/@capacitor/preferences`)"
  - "CapacitorScreenOrientation (from `../../node_modules/@capacitor/screen-orientation`)"
  - CapacitorVoiceRecorder (from `../../node_modules/capacitor-voice-recorder`)

EXTERNAL SOURCES:
  Capacitor:
    :path: "../../node_modules/@capacitor/ios"
  CapacitorApp:
    :path: "../../node_modules/@capacitor/app"
  CapacitorCordova:
    :path: "../../node_modules/@capacitor/ios"
  CapacitorDevice:
    :path: "../../node_modules/@capacitor/device"
  CapacitorHaptics:
    :path: "../../node_modules/@capacitor/haptics"
  CapacitorLocalNotifications:
    :path: "../../node_modules/@capacitor/local-notifications"
  CapacitorNetwork:
    :path: "../../node_modules/@capacitor/network"
  CapacitorPreferences:
    :path: "../../node_modules/@capacitor/preferences"
  CapacitorScreenOrientation:
    :path: "../../node_modules/@capacitor/screen-orientation"
  CapacitorVoiceRecorder:
    :path: "../../node_modules/capacitor-voice-recorder"

SPEC CHECKSUMS:
  Capacitor: 559d073c4ca6c27f8e7002c807eea94c3ba435a9
  CapacitorApp: 9d53aec7101f7b030a950c5bdc4df8612576b279
  CapacitorCordova: 8c4bfdf69368512e85b1d8b724dd7546abeb30af
  CapacitorDevice: f8fd88f9edd1261c55a109f32015b09bbbfdc4a0
  CapacitorHaptics: 9ebc9363f0e9b8eb4295088a0b474530acf1859b
  CapacitorLocalNotifications: 4ab68f0be5f697a579558fadd307d823a9ec1c26
  CapacitorNetwork: f15a94c16a33cba7c47a17814cb6bcfe3ea34ded
  CapacitorPreferences: c9b839a80baa72e4ed4bdb117618e1950d3046b5
  CapacitorScreenOrientation: d78ce2b710bfcd1c32d3a090d32b6686c1c95e4f
  CapacitorVoiceRecorder: 872ea857b497ce2c71afe3e4eb5de0a74290c0db

PODFILE CHECKSUM: 8814b064c6a28c0f8680cac7ab4e756f5bf9c2ab

COCOAPODS: 1.14.3
